
Microsoft Visual Studio Solution File, Format Version 12.00
# Visual Studio Version 16
VisualStudioVersion = 16.0.30907.101
MinimumVisualStudioVersion = 10.0.40219.1
Project("{FAE04EC0-301F-11D3-BF4B-00C04F79EFBC}") = "Metods", "Metods.csproj", "{49215036-B193-406D-A009-A08358843DCA}"
EndProject
Project("{FAE04EC0-301F-11D3-BF4B-00C04F79EFBC}") = "Matematik", "..\Matematik\Matematik.csproj", "{88D02828-C4B9-48AB-9CB3-7110CEE8506B}"
EndProject
Project("{FAE04EC0-301F-11D3-BF4B-00C04F79EFBC}") = "DegerveReferansTipler", "..\DegerveReferansTipler\DegerveReferansTipler.csproj", "{98BE307E-B2A4-4542-B1A5-AB396D81F408}"
EndProject
Global
	GlobalSection(SolutionConfigurationPlatforms) = preSolution
		Debug|Any CPU = Debug|Any CPU
		Release|Any CPU = Release|Any CPU
	EndGlobalSection
	GlobalSection(ProjectConfigurationPlatforms) = postSolution
		{49215036-B193-406D-A009-A08358843DCA}.Debug|Any CPU.ActiveCfg = Debug|Any CPU
		{49215036-B193-406D-A009-A08358843DCA}.Debug|Any CPU.Build.0 = Debug|Any CPU
		{49215036-B193-406D-A009-A08358843DCA}.Release|Any CPU.ActiveCfg = Release|Any CPU
		{49215036-B193-406D-A009-A08358843DCA}.Release|Any CPU.Build.0 = Release|Any CPU
		{88D02828-C4B9-48AB-9CB3-7110CEE8506B}.Debug|Any CPU.ActiveCfg = Debug|Any CPU
		{88D02828-C4B9-48AB-9CB3-7110CEE8506B}.Debug|Any CPU.Build.0 = Debug|Any CPU
		{88D02828-C4B9-48AB-9CB3-7110CEE8506B}.Release|Any CPU.ActiveCfg = Release|Any CPU
		{88D02828-C4B9-48AB-9CB3-7110CEE8506B}.Release|Any CPU.Build.0 = Release|Any CPU
		{98BE307E-B2A4-4542-B1A5-AB396D81F408}.Debug|Any CPU.ActiveCfg = Debug|Any CPU
		{98BE307E-B2A4-4542-B1A5-AB396D81F408}.Debug|Any CPU.Build.0 = Debug|Any CPU
		{98BE307E-B2A4-4542-B1A5-AB396D81F408}.Release|Any CPU.ActiveCfg = Release|Any CPU
		{98BE307E-B2A4-4542-B1A5-AB396D81F408}.Release|Any CPU.Build.0 = Release|Any CPU
	EndGlobalSection
	GlobalSection(SolutionProperties) = preSolution
		HideSolutionNode = FALSE
	EndGlobalSection
	GlobalSection(ExtensibilityGlobals) = postSolution
		SolutionGuid = {FAAAA5C1-195D-4688-B71F-235C3B13AEA2}
	EndGlobalSection
EndGlobal
